
Microsoft Visual Studio Solution File, Format Version 12.00
# Visual Studio 2013
VisualStudioVersion = 12.0.30110.0
MinimumVisualStudioVersion = 10.0.40219.1
Project("{E24C65DC-7377-472B-9ABA-BC803B73C61A}") = "TumblrWithDotNet", "http://localhost:56976", "{3F2E7B40-A22B-4C61-ABF7-958962D3413F}"
	ProjectSection(WebsiteProperties) = preProject
		UseIISExpress = "true"
		TargetFrameworkMoniker = ".NETFramework,Version%3Dv4.0"
		Debug.AspNetCompiler.VirtualPath = "/localhost_56976"
		Debug.AspNetCompiler.PhysicalPath = "D:\Prashant\TumblrWithDotNet\TumblrWithDotNet\"
		Debug.AspNetCompiler.TargetPath = "PrecompiledWeb\localhost_56976\"
		Debug.AspNetCompiler.Updateable = "true"
		Debug.AspNetCompiler.ForceOverwrite = "true"
		Debug.AspNetCompiler.FixedNames = "false"
		Debug.AspNetCompiler.Debug = "True"
		Release.AspNetCompiler.VirtualPath = "/localhost_56976"
		Release.AspNetCompiler.PhysicalPath = "D:\Prashant\TumblrWithDotNet\TumblrWithDotNet\"
		Release.AspNetCompiler.TargetPath = "PrecompiledWeb\localhost_56976\"
		Release.AspNetCompiler.Updateable = "true"
		Release.AspNetCompiler.ForceOverwrite = "true"
		Release.AspNetCompiler.FixedNames = "false"
		Release.AspNetCompiler.Debug = "False"
		SlnRelativePath = "D:\Prashant\TumblrWithDotNet\TumblrWithDotNet\"
	EndProjectSection
EndProject
Global
	GlobalSection(SolutionConfigurationPlatforms) = preSolution
		Debug|Any CPU = Debug|Any CPU
		Release|Any CPU = Release|Any CPU
	EndGlobalSection
	GlobalSection(ProjectConfigurationPlatforms) = postSolution
		{3F2E7B40-A22B-4C61-ABF7-958962D3413F}.Debug|Any CPU.ActiveCfg = Debug|Any CPU
		{3F2E7B40-A22B-4C61-ABF7-958962D3413F}.Debug|Any CPU.Build.0 = Debug|Any CPU
		{3F2E7B40-A22B-4C61-ABF7-958962D3413F}.Release|Any CPU.ActiveCfg = Debug|Any CPU
		{3F2E7B40-A22B-4C61-ABF7-958962D3413F}.Release|Any CPU.Build.0 = Debug|Any CPU
	EndGlobalSection
	GlobalSection(SolutionProperties) = preSolution
		HideSolutionNode = FALSE
	EndGlobalSection
EndGlobal
